{
    "_meta": {
        "hash": {
            "sha256": "b8fcad04741f707ba361406f7394f5c951adfde54d125f595fe54b18600f7d9b"
        },
        "host-environment-markers": {
            "implementation_name": "cpython",
            "implementation_version": "0",
            "os_name": "posix",
            "platform_machine": "x86_64",
            "platform_python_implementation": "CPython",
            "platform_release": "4.4.0-43-Microsoft",
            "platform_system": "Linux",
            "platform_version": "#1-Microsoft Wed Dec 31 14:42:53 PST 2014",
            "python_full_version": "2.7.12",
            "python_version": "2.7",
            "sys_platform": "linux2"
        },
        "pipfile-spec": 6,
        "requires": {},
        "sources": [
            {
                "name": "pypi",
                "url": "https://pypi.python.org/simple",
                "verify_ssl": true
            }
        ]
    },
    "default": {
        "pycosat": {
            "hashes": [
                "sha256:4c99874946a7e939bb941bbb019dd2c20e6068e3107c91366e7779c69d70e0ed"
            ],
            "version": "==0.6.3"
        }
    },
    "develop": {}
}
